
Microsoft Visual Studio Solution File, Format Version 12.00
# Visual Studio Version 17
VisualStudioVersion = 17.0.31903.59
MinimumVisualStudioVersion = 10.0.40219.1
Project("{FAE04EC0-301F-11D3-BF4B-00C04F79EFBC}") = "Bunkum.Analyzers", "Bunkum.Analyzers\Bunkum.Analyzers.csproj", "{8B15D529-F17F-4E91-A80C-FF55ED414732}"
EndProject
Project("{FAE04EC0-301F-11D3-BF4B-00C04F79EFBC}") = "Bunkum.HttpServer", "Bunkum.HttpServer\Bunkum.HttpServer.csproj", "{0F68F01A-DF71-4E6B-9EAE-5AEBE9863E2A}"
EndProject
Project("{FAE04EC0-301F-11D3-BF4B-00C04F79EFBC}") = "BunkumTests.HttpServer", "BunkumTests.HttpServer\BunkumTests.HttpServer.csproj", "{E06CABEF-AC5F-43A5-93EE-C8525630D596}"
EndProject
Project("{FAE04EC0-301F-11D3-BF4B-00C04F79EFBC}") = "BunkumTests.HttpServerManual", "BunkumTests.HttpServerManual\BunkumTests.HttpServerManual.csproj", "{B3667C3A-FB7A-43A2-A447-1B6F27BCC8C0}"
EndProject
Project("{FAE04EC0-301F-11D3-BF4B-00C04F79EFBC}") = "Bunkum.CustomHttpListener", "Bunkum.CustomHttpListener\Bunkum.CustomHttpListener.csproj", "{4A5BC9E5-E7AF-4F0B-B9FE-2BC0E4A6D8D1}"
EndProject
Project("{FAE04EC0-301F-11D3-BF4B-00C04F79EFBC}") = "BunkumTests.Benchmarks", "BunkumTests.Benchmarks\BunkumTests.Benchmarks.csproj", "{09433A85-130A-42ED-9DDE-320F45080392}"
EndProject
Global
	GlobalSection(SolutionConfigurationPlatforms) = preSolution
		Debug|Any CPU = Debug|Any CPU
		Release|Any CPU = Release|Any CPU
	EndGlobalSection
	GlobalSection(SolutionProperties) = preSolution
		HideSolutionNode = FALSE
	EndGlobalSection
	GlobalSection(ProjectConfigurationPlatforms) = postSolution
		{8B15D529-F17F-4E91-A80C-FF55ED414732}.Debug|Any CPU.ActiveCfg = Debug|Any CPU
		{8B15D529-F17F-4E91-A80C-FF55ED414732}.Debug|Any CPU.Build.0 = Debug|Any CPU
		{8B15D529-F17F-4E91-A80C-FF55ED414732}.Release|Any CPU.ActiveCfg = Release|Any CPU
		{8B15D529-F17F-4E91-A80C-FF55ED414732}.Release|Any CPU.Build.0 = Release|Any CPU
		{0F68F01A-DF71-4E6B-9EAE-5AEBE9863E2A}.Debug|Any CPU.ActiveCfg = Debug|Any CPU
		{0F68F01A-DF71-4E6B-9EAE-5AEBE9863E2A}.Debug|Any CPU.Build.0 = Debug|Any CPU
		{0F68F01A-DF71-4E6B-9EAE-5AEBE9863E2A}.Release|Any CPU.ActiveCfg = Release|Any CPU
		{0F68F01A-DF71-4E6B-9EAE-5AEBE9863E2A}.Release|Any CPU.Build.0 = Release|Any CPU
		{E06CABEF-AC5F-43A5-93EE-C8525630D596}.Debug|Any CPU.ActiveCfg = Debug|Any CPU
		{E06CABEF-AC5F-43A5-93EE-C8525630D596}.Debug|Any CPU.Build.0 = Debug|Any CPU
		{E06CABEF-AC5F-43A5-93EE-C8525630D596}.Release|Any CPU.ActiveCfg = Release|Any CPU
		{E06CABEF-AC5F-43A5-93EE-C8525630D596}.Release|Any CPU.Build.0 = Release|Any CPU
		{B3667C3A-FB7A-43A2-A447-1B6F27BCC8C0}.Debug|Any CPU.ActiveCfg = Debug|Any CPU
		{B3667C3A-FB7A-43A2-A447-1B6F27BCC8C0}.Debug|Any CPU.Build.0 = Debug|Any CPU
		{B3667C3A-FB7A-43A2-A447-1B6F27BCC8C0}.Release|Any CPU.ActiveCfg = Release|Any CPU
		{B3667C3A-FB7A-43A2-A447-1B6F27BCC8C0}.Release|Any CPU.Build.0 = Release|Any CPU
		{4A5BC9E5-E7AF-4F0B-B9FE-2BC0E4A6D8D1}.Debug|Any CPU.ActiveCfg = Debug|Any CPU
		{4A5BC9E5-E7AF-4F0B-B9FE-2BC0E4A6D8D1}.Debug|Any CPU.Build.0 = Debug|Any CPU
		{4A5BC9E5-E7AF-4F0B-B9FE-2BC0E4A6D8D1}.Release|Any CPU.ActiveCfg = Release|Any CPU
		{4A5BC9E5-E7AF-4F0B-B9FE-2BC0E4A6D8D1}.Release|Any CPU.Build.0 = Release|Any CPU
		{09433A85-130A-42ED-9DDE-320F45080392}.Release|Any CPU.ActiveCfg = Release|Any CPU
		{09433A85-130A-42ED-9DDE-320F45080392}.Release|Any CPU.Build.0 = Release|Any CPU
		{09433A85-130A-42ED-9DDE-320F45080392}.Debug|Any CPU.ActiveCfg = Debug|Any CPU
		{09433A85-130A-42ED-9DDE-320F45080392}.Debug|Any CPU.Build.0 = Debug|Any CPU
	EndGlobalSection
EndGlobal
