
Microsoft Visual Studio Solution File, Format Version 12.00
# Visual Studio Version 17
VisualStudioVersion = 17.0.31903.59
MinimumVisualStudioVersion = 10.0.40219.1
Project("{FAE04EC0-301F-11D3-BF4B-00C04F79EFBC}") = "Bunkum.Analyzers", "Bunkum.Analyzers\Bunkum.Analyzers.csproj", "{8B15D529-F17F-4E91-A80C-FF55ED414732}"
EndProject
Project("{FAE04EC0-301F-11D3-BF4B-00C04F79EFBC}") = "Bunkum.Core", "Bunkum.Core\Bunkum.Core.csproj", "{0F68F01A-DF71-4E6B-9EAE-5AEBE9863E2A}"
EndProject
Project("{FAE04EC0-301F-11D3-BF4B-00C04F79EFBC}") = "BunkumTests.HttpServer", "BunkumTests.HttpServer\BunkumTests.HttpServer.csproj", "{E06CABEF-AC5F-43A5-93EE-C8525630D596}"
EndProject
Project("{FAE04EC0-301F-11D3-BF4B-00C04F79EFBC}") = "BunkumTests.HttpServerManual", "BunkumTests.HttpServerManual\BunkumTests.HttpServerManual.csproj", "{B3667C3A-FB7A-43A2-A447-1B6F27BCC8C0}"
EndProject
Project("{FAE04EC0-301F-11D3-BF4B-00C04F79EFBC}") = "Bunkum.Listener", "Bunkum.Listener\Bunkum.Listener.csproj", "{4A5BC9E5-E7AF-4F0B-B9FE-2BC0E4A6D8D1}"
EndProject
Project("{FAE04EC0-301F-11D3-BF4B-00C04F79EFBC}") = "BunkumTests.Benchmarks", "BunkumTests.Benchmarks\BunkumTests.Benchmarks.csproj", "{09433A85-130A-42ED-9DDE-320F45080392}"
EndProject
Project("{FAE04EC0-301F-11D3-BF4B-00C04F79EFBC}") = "BunkumSampleApplication", "BunkumSampleApplication\BunkumSampleApplication.csproj", "{6A6CB1AD-C45D-44D4-8D9C-3769A058F7AE}"
EndProject
Project("{FAE04EC0-301F-11D3-BF4B-00C04F79EFBC}") = "Bunkum.RealmDatabase", "Bunkum.RealmDatabase\Bunkum.RealmDatabase.csproj", "{DEE9CFC0-9529-451F-9633-AF5B49498AFB}"
EndProject
Project("{FAE04EC0-301F-11D3-BF4B-00C04F79EFBC}") = "Bunkum.RealmDatabase.Test", "Bunkum.RealmDatabase.Test\Bunkum.RealmDatabase.Test.csproj", "{829D338E-79F1-4C40-8B30-8858EAD1297B}"
EndProject
Project("{FAE04EC0-301F-11D3-BF4B-00C04F79EFBC}") = "Bunkum.ProfanityFilter", "Bunkum.ProfanityFilter\Bunkum.ProfanityFilter.csproj", "{F53A735B-4DC4-41BD-A512-B23D2FF7EA0C}"
EndProject
Project("{FAE04EC0-301F-11D3-BF4B-00C04F79EFBC}") = "Bunkum.ProfanityFilter.Test", "Bunkum.ProfanityFilter.Test\Bunkum.ProfanityFilter.Test.csproj", "{2FE2FD7C-9E39-4A72-B0D6-745F447D3030}"
EndProject
Project("{FAE04EC0-301F-11D3-BF4B-00C04F79EFBC}") = "Bunkum.AutoDiscover", "Bunkum.AutoDiscover\Bunkum.AutoDiscover.csproj", "{B6B9F1DD-7E85-402E-88A7-EF6B88E6CE9A}"
EndProject
Project("{2150E333-8FDC-42A3-9474-1A3956D46DE8}") = "Libraries", "Libraries", "{77922B8B-F6FE-47D6-8742-6BA528BC8D7C}"
EndProject
Project("{2150E333-8FDC-42A3-9474-1A3956D46DE8}") = "Tests", "Tests", "{CBAA5A91-0F55-4A8B-9BF9-020D3BBC3D82}"
EndProject
Project("{2150E333-8FDC-42A3-9474-1A3956D46DE8}") = "Samples", "Samples", "{98B2B79B-7EF4-42B5-B92B-3E7FECB00DBB}"
EndProject
Project("{2150E333-8FDC-42A3-9474-1A3956D46DE8}") = "Protocols", "Protocols", "{BBAA9024-6FEC-4C68-9F96-83D2055EC6D2}"
EndProject
Project("{FAE04EC0-301F-11D3-BF4B-00C04F79EFBC}") = "Bunkum.Protocols.Http", "Bunkum.Protocols.Http\Bunkum.Protocols.Http.csproj", "{D3A3B625-13E8-4D95-977D-576050B0AFE4}"
EndProject
Project("{FAE04EC0-301F-11D3-BF4B-00C04F79EFBC}") = "Bunkum.HealthChecks", "Bunkum.HealthChecks\Bunkum.HealthChecks.csproj", "{8F3C4788-D310-48D7-9494-1ED1787D44C2}"
EndProject
Project("{FAE04EC0-301F-11D3-BF4B-00C04F79EFBC}") = "Bunkum.Protocols.Gopher", "Bunkum.Protocols.Gopher\Bunkum.Protocols.Gopher.csproj", "{508E64A9-4D7D-410A-BD74-671261F9E9A9}"
EndProject
Project("{FAE04EC0-301F-11D3-BF4B-00C04F79EFBC}") = "BunkumGopherSampleApplication", "BunkumGopherSampleApplication\BunkumGopherSampleApplication.csproj", "{14F46EF6-393E-434C-AD83-10C9A87B1DFA}"
EndProject
Project("{FAE04EC0-301F-11D3-BF4B-00C04F79EFBC}") = "Bunkum.HealthChecks.RealmDatabase", "Bunkum.HealthChecks.RealmDatabase\Bunkum.HealthChecks.RealmDatabase.csproj", "{FE739B7A-F4FE-488C-A35D-72AA459FC6C2}"
EndProject
Project("{FAE04EC0-301F-11D3-BF4B-00C04F79EFBC}") = "Bunkum.Protocols.Gemini", "Bunkum.Protocols.Gemini\Bunkum.Protocols.Gemini.csproj", "{36E9BAA5-D303-46A6-8771-6FDFC9539ABC}"
EndProject
Project("{FAE04EC0-301F-11D3-BF4B-00C04F79EFBC}") = "BunkumGeminiSampleApplication", "BunkumGeminiSampleApplication\BunkumGeminiSampleApplication.csproj", "{1AC92D6F-921A-4C31-8E7C-56F22B5F81E1}"
EndProject
Project("{2150E333-8FDC-42A3-9474-1A3956D46DE8}") = "Serialization", "Serialization", "{A785696E-2360-499A-AA66-27BE2DFA3491}"
EndProject
Project("{FAE04EC0-301F-11D3-BF4B-00C04F79EFBC}") = "Bunkum.Serialization.GopherToGemini", "Bunkum.Serialization.GopherToGemini\Bunkum.Serialization.GopherToGemini.csproj", "{91C00E61-1643-462A-A838-B5663CD1F7C3}"
EndProject
Project("{2150E333-8FDC-42A3-9474-1A3956D46DE8}") = "Applications", "Applications", "{02EDD442-3241-4466-AF7A-290E8BEFEE95}"
EndProject
Project("{FAE04EC0-301F-11D3-BF4B-00C04F79EFBC}") = "Bunkum.Standalone", "Bunkum.Standalone\Bunkum.Standalone.csproj", "{23BC7994-0E93-4FB3-8D31-16EC3BE1198B}"
EndProject
Global
	GlobalSection(SolutionConfigurationPlatforms) = preSolution
		Debug|Any CPU = Debug|Any CPU
		Release|Any CPU = Release|Any CPU
	EndGlobalSection
	GlobalSection(SolutionProperties) = preSolution
		HideSolutionNode = FALSE
	EndGlobalSection
	GlobalSection(ProjectConfigurationPlatforms) = postSolution
		{8B15D529-F17F-4E91-A80C-FF55ED414732}.Debug|Any CPU.ActiveCfg = Debug|Any CPU
		{8B15D529-F17F-4E91-A80C-FF55ED414732}.Debug|Any CPU.Build.0 = Debug|Any CPU
		{8B15D529-F17F-4E91-A80C-FF55ED414732}.Release|Any CPU.ActiveCfg = Release|Any CPU
		{8B15D529-F17F-4E91-A80C-FF55ED414732}.Release|Any CPU.Build.0 = Release|Any CPU
		{0F68F01A-DF71-4E6B-9EAE-5AEBE9863E2A}.Debug|Any CPU.ActiveCfg = Debug|Any CPU
		{0F68F01A-DF71-4E6B-9EAE-5AEBE9863E2A}.Debug|Any CPU.Build.0 = Debug|Any CPU
		{0F68F01A-DF71-4E6B-9EAE-5AEBE9863E2A}.Release|Any CPU.ActiveCfg = Release|Any CPU
		{0F68F01A-DF71-4E6B-9EAE-5AEBE9863E2A}.Release|Any CPU.Build.0 = Release|Any CPU
		{E06CABEF-AC5F-43A5-93EE-C8525630D596}.Debug|Any CPU.ActiveCfg = Debug|Any CPU
		{E06CABEF-AC5F-43A5-93EE-C8525630D596}.Debug|Any CPU.Build.0 = Debug|Any CPU
		{E06CABEF-AC5F-43A5-93EE-C8525630D596}.Release|Any CPU.ActiveCfg = Release|Any CPU
		{E06CABEF-AC5F-43A5-93EE-C8525630D596}.Release|Any CPU.Build.0 = Release|Any CPU
		{B3667C3A-FB7A-43A2-A447-1B6F27BCC8C0}.Debug|Any CPU.ActiveCfg = Debug|Any CPU
		{B3667C3A-FB7A-43A2-A447-1B6F27BCC8C0}.Debug|Any CPU.Build.0 = Debug|Any CPU
		{B3667C3A-FB7A-43A2-A447-1B6F27BCC8C0}.Release|Any CPU.ActiveCfg = Release|Any CPU
		{B3667C3A-FB7A-43A2-A447-1B6F27BCC8C0}.Release|Any CPU.Build.0 = Release|Any CPU
		{4A5BC9E5-E7AF-4F0B-B9FE-2BC0E4A6D8D1}.Debug|Any CPU.ActiveCfg = Debug|Any CPU
		{4A5BC9E5-E7AF-4F0B-B9FE-2BC0E4A6D8D1}.Debug|Any CPU.Build.0 = Debug|Any CPU
		{4A5BC9E5-E7AF-4F0B-B9FE-2BC0E4A6D8D1}.Release|Any CPU.ActiveCfg = Release|Any CPU
		{4A5BC9E5-E7AF-4F0B-B9FE-2BC0E4A6D8D1}.Release|Any CPU.Build.0 = Release|Any CPU
		{09433A85-130A-42ED-9DDE-320F45080392}.Release|Any CPU.ActiveCfg = Release|Any CPU
		{09433A85-130A-42ED-9DDE-320F45080392}.Release|Any CPU.Build.0 = Release|Any CPU
		{09433A85-130A-42ED-9DDE-320F45080392}.Debug|Any CPU.ActiveCfg = Debug|Any CPU
		{09433A85-130A-42ED-9DDE-320F45080392}.Debug|Any CPU.Build.0 = Debug|Any CPU
		{6A6CB1AD-C45D-44D4-8D9C-3769A058F7AE}.Debug|Any CPU.ActiveCfg = Debug|Any CPU
		{6A6CB1AD-C45D-44D4-8D9C-3769A058F7AE}.Debug|Any CPU.Build.0 = Debug|Any CPU
		{6A6CB1AD-C45D-44D4-8D9C-3769A058F7AE}.Release|Any CPU.ActiveCfg = Release|Any CPU
		{6A6CB1AD-C45D-44D4-8D9C-3769A058F7AE}.Release|Any CPU.Build.0 = Release|Any CPU
		{DEE9CFC0-9529-451F-9633-AF5B49498AFB}.Debug|Any CPU.ActiveCfg = Debug|Any CPU
		{DEE9CFC0-9529-451F-9633-AF5B49498AFB}.Debug|Any CPU.Build.0 = Debug|Any CPU
		{DEE9CFC0-9529-451F-9633-AF5B49498AFB}.Release|Any CPU.ActiveCfg = Release|Any CPU
		{DEE9CFC0-9529-451F-9633-AF5B49498AFB}.Release|Any CPU.Build.0 = Release|Any CPU
		{829D338E-79F1-4C40-8B30-8858EAD1297B}.Debug|Any CPU.ActiveCfg = Debug|Any CPU
		{829D338E-79F1-4C40-8B30-8858EAD1297B}.Debug|Any CPU.Build.0 = Debug|Any CPU
		{829D338E-79F1-4C40-8B30-8858EAD1297B}.Release|Any CPU.ActiveCfg = Release|Any CPU
		{829D338E-79F1-4C40-8B30-8858EAD1297B}.Release|Any CPU.Build.0 = Release|Any CPU
		{F53A735B-4DC4-41BD-A512-B23D2FF7EA0C}.Debug|Any CPU.ActiveCfg = Debug|Any CPU
		{F53A735B-4DC4-41BD-A512-B23D2FF7EA0C}.Debug|Any CPU.Build.0 = Debug|Any CPU
		{F53A735B-4DC4-41BD-A512-B23D2FF7EA0C}.Release|Any CPU.ActiveCfg = Release|Any CPU
		{F53A735B-4DC4-41BD-A512-B23D2FF7EA0C}.Release|Any CPU.Build.0 = Release|Any CPU
		{2FE2FD7C-9E39-4A72-B0D6-745F447D3030}.Debug|Any CPU.ActiveCfg = Debug|Any CPU
		{2FE2FD7C-9E39-4A72-B0D6-745F447D3030}.Debug|Any CPU.Build.0 = Debug|Any CPU
		{2FE2FD7C-9E39-4A72-B0D6-745F447D3030}.Release|Any CPU.ActiveCfg = Release|Any CPU
		{2FE2FD7C-9E39-4A72-B0D6-745F447D3030}.Release|Any CPU.Build.0 = Release|Any CPU
		{B6B9F1DD-7E85-402E-88A7-EF6B88E6CE9A}.Debug|Any CPU.ActiveCfg = Debug|Any CPU
		{B6B9F1DD-7E85-402E-88A7-EF6B88E6CE9A}.Debug|Any CPU.Build.0 = Debug|Any CPU
		{B6B9F1DD-7E85-402E-88A7-EF6B88E6CE9A}.Release|Any CPU.ActiveCfg = Release|Any CPU
		{B6B9F1DD-7E85-402E-88A7-EF6B88E6CE9A}.Release|Any CPU.Build.0 = Release|Any CPU
		{D3A3B625-13E8-4D95-977D-576050B0AFE4}.Debug|Any CPU.ActiveCfg = Debug|Any CPU
		{D3A3B625-13E8-4D95-977D-576050B0AFE4}.Debug|Any CPU.Build.0 = Debug|Any CPU
		{D3A3B625-13E8-4D95-977D-576050B0AFE4}.Release|Any CPU.ActiveCfg = Release|Any CPU
		{D3A3B625-13E8-4D95-977D-576050B0AFE4}.Release|Any CPU.Build.0 = Release|Any CPU
		{8F3C4788-D310-48D7-9494-1ED1787D44C2}.Debug|Any CPU.ActiveCfg = Debug|Any CPU
		{8F3C4788-D310-48D7-9494-1ED1787D44C2}.Debug|Any CPU.Build.0 = Debug|Any CPU
		{8F3C4788-D310-48D7-9494-1ED1787D44C2}.Release|Any CPU.ActiveCfg = Release|Any CPU
		{8F3C4788-D310-48D7-9494-1ED1787D44C2}.Release|Any CPU.Build.0 = Release|Any CPU
		{508E64A9-4D7D-410A-BD74-671261F9E9A9}.Debug|Any CPU.ActiveCfg = Debug|Any CPU
		{508E64A9-4D7D-410A-BD74-671261F9E9A9}.Debug|Any CPU.Build.0 = Debug|Any CPU
		{508E64A9-4D7D-410A-BD74-671261F9E9A9}.Release|Any CPU.ActiveCfg = Release|Any CPU
		{508E64A9-4D7D-410A-BD74-671261F9E9A9}.Release|Any CPU.Build.0 = Release|Any CPU
		{14F46EF6-393E-434C-AD83-10C9A87B1DFA}.Debug|Any CPU.ActiveCfg = Debug|Any CPU
		{14F46EF6-393E-434C-AD83-10C9A87B1DFA}.Debug|Any CPU.Build.0 = Debug|Any CPU
		{14F46EF6-393E-434C-AD83-10C9A87B1DFA}.Release|Any CPU.ActiveCfg = Release|Any CPU
		{14F46EF6-393E-434C-AD83-10C9A87B1DFA}.Release|Any CPU.Build.0 = Release|Any CPU
		{FE739B7A-F4FE-488C-A35D-72AA459FC6C2}.Debug|Any CPU.ActiveCfg = Debug|Any CPU
		{FE739B7A-F4FE-488C-A35D-72AA459FC6C2}.Debug|Any CPU.Build.0 = Debug|Any CPU
		{FE739B7A-F4FE-488C-A35D-72AA459FC6C2}.Release|Any CPU.ActiveCfg = Release|Any CPU
		{FE739B7A-F4FE-488C-A35D-72AA459FC6C2}.Release|Any CPU.Build.0 = Release|Any CPU
		{36E9BAA5-D303-46A6-8771-6FDFC9539ABC}.Debug|Any CPU.ActiveCfg = Debug|Any CPU
		{36E9BAA5-D303-46A6-8771-6FDFC9539ABC}.Debug|Any CPU.Build.0 = Debug|Any CPU
		{36E9BAA5-D303-46A6-8771-6FDFC9539ABC}.Release|Any CPU.ActiveCfg = Release|Any CPU
		{36E9BAA5-D303-46A6-8771-6FDFC9539ABC}.Release|Any CPU.Build.0 = Release|Any CPU
		{1AC92D6F-921A-4C31-8E7C-56F22B5F81E1}.Debug|Any CPU.ActiveCfg = Debug|Any CPU
		{1AC92D6F-921A-4C31-8E7C-56F22B5F81E1}.Debug|Any CPU.Build.0 = Debug|Any CPU
		{1AC92D6F-921A-4C31-8E7C-56F22B5F81E1}.Release|Any CPU.ActiveCfg = Release|Any CPU
		{1AC92D6F-921A-4C31-8E7C-56F22B5F81E1}.Release|Any CPU.Build.0 = Release|Any CPU
		{91C00E61-1643-462A-A838-B5663CD1F7C3}.Debug|Any CPU.ActiveCfg = Debug|Any CPU
		{91C00E61-1643-462A-A838-B5663CD1F7C3}.Debug|Any CPU.Build.0 = Debug|Any CPU
		{91C00E61-1643-462A-A838-B5663CD1F7C3}.Release|Any CPU.ActiveCfg = Release|Any CPU
		{91C00E61-1643-462A-A838-B5663CD1F7C3}.Release|Any CPU.Build.0 = Release|Any CPU
		{23BC7994-0E93-4FB3-8D31-16EC3BE1198B}.Debug|Any CPU.ActiveCfg = Debug|Any CPU
		{23BC7994-0E93-4FB3-8D31-16EC3BE1198B}.Debug|Any CPU.Build.0 = Debug|Any CPU
		{23BC7994-0E93-4FB3-8D31-16EC3BE1198B}.Release|Any CPU.ActiveCfg = Release|Any CPU
		{23BC7994-0E93-4FB3-8D31-16EC3BE1198B}.Release|Any CPU.Build.0 = Release|Any CPU
	EndGlobalSection
	GlobalSection(NestedProjects) = preSolution
		{B6B9F1DD-7E85-402E-88A7-EF6B88E6CE9A} = {77922B8B-F6FE-47D6-8742-6BA528BC8D7C}
		{F53A735B-4DC4-41BD-A512-B23D2FF7EA0C} = {77922B8B-F6FE-47D6-8742-6BA528BC8D7C}
		{2FE2FD7C-9E39-4A72-B0D6-745F447D3030} = {77922B8B-F6FE-47D6-8742-6BA528BC8D7C}
		{DEE9CFC0-9529-451F-9633-AF5B49498AFB} = {77922B8B-F6FE-47D6-8742-6BA528BC8D7C}
		{829D338E-79F1-4C40-8B30-8858EAD1297B} = {77922B8B-F6FE-47D6-8742-6BA528BC8D7C}
		{E06CABEF-AC5F-43A5-93EE-C8525630D596} = {CBAA5A91-0F55-4A8B-9BF9-020D3BBC3D82}
		{B3667C3A-FB7A-43A2-A447-1B6F27BCC8C0} = {CBAA5A91-0F55-4A8B-9BF9-020D3BBC3D82}
		{09433A85-130A-42ED-9DDE-320F45080392} = {CBAA5A91-0F55-4A8B-9BF9-020D3BBC3D82}
		{6A6CB1AD-C45D-44D4-8D9C-3769A058F7AE} = {98B2B79B-7EF4-42B5-B92B-3E7FECB00DBB}
		{D3A3B625-13E8-4D95-977D-576050B0AFE4} = {BBAA9024-6FEC-4C68-9F96-83D2055EC6D2}
		{8F3C4788-D310-48D7-9494-1ED1787D44C2} = {77922B8B-F6FE-47D6-8742-6BA528BC8D7C}
		{508E64A9-4D7D-410A-BD74-671261F9E9A9} = {BBAA9024-6FEC-4C68-9F96-83D2055EC6D2}
		{14F46EF6-393E-434C-AD83-10C9A87B1DFA} = {98B2B79B-7EF4-42B5-B92B-3E7FECB00DBB}
		{FE739B7A-F4FE-488C-A35D-72AA459FC6C2} = {77922B8B-F6FE-47D6-8742-6BA528BC8D7C}
		{36E9BAA5-D303-46A6-8771-6FDFC9539ABC} = {BBAA9024-6FEC-4C68-9F96-83D2055EC6D2}
		{1AC92D6F-921A-4C31-8E7C-56F22B5F81E1} = {98B2B79B-7EF4-42B5-B92B-3E7FECB00DBB}
		{91C00E61-1643-462A-A838-B5663CD1F7C3} = {A785696E-2360-499A-AA66-27BE2DFA3491}
		{23BC7994-0E93-4FB3-8D31-16EC3BE1198B} = {02EDD442-3241-4466-AF7A-290E8BEFEE95}
	EndGlobalSection
EndGlobal
